
Microsoft Visual Studio Solution File, Format Version 12.00
# Visual Studio Version 16
VisualStudioVersion = 16.0.30406.217
MinimumVisualStudioVersion = 10.0.40219.1
Project("{9A19103F-16F7-4668-BE54-9A1E7A4F7556}") = "DipsAPI", "todoApi\DipsAPI.csproj", "{5B24843E-D99C-40DA-8F5A-2FC55D570F49}"
EndProject
Project("{FAE04EC0-301F-11D3-BF4B-00C04F79EFBC}") = "XUnitTestDipsAPI", "XUnitTestDipsAPI\XUnitTestDipsAPI.csproj", "{7A011708-5123-41EA-84FC-1F33709CE9C7}"
EndProject
Global
	GlobalSection(SolutionConfigurationPlatforms) = preSolution
		Debug|Any CPU = Debug|Any CPU
		Release|Any CPU = Release|Any CPU
	EndGlobalSection
	GlobalSection(ProjectConfigurationPlatforms) = postSolution
		{5B24843E-D99C-40DA-8F5A-2FC55D570F49}.Debug|Any CPU.ActiveCfg = Debug|Any CPU
		{5B24843E-D99C-40DA-8F5A-2FC55D570F49}.Debug|Any CPU.Build.0 = Debug|Any CPU
		{5B24843E-D99C-40DA-8F5A-2FC55D570F49}.Release|Any CPU.ActiveCfg = Release|Any CPU
		{5B24843E-D99C-40DA-8F5A-2FC55D570F49}.Release|Any CPU.Build.0 = Release|Any CPU
		{7A011708-5123-41EA-84FC-1F33709CE9C7}.Debug|Any CPU.ActiveCfg = Debug|Any CPU
		{7A011708-5123-41EA-84FC-1F33709CE9C7}.Debug|Any CPU.Build.0 = Debug|Any CPU
		{7A011708-5123-41EA-84FC-1F33709CE9C7}.Release|Any CPU.ActiveCfg = Release|Any CPU
		{7A011708-5123-41EA-84FC-1F33709CE9C7}.Release|Any CPU.Build.0 = Release|Any CPU
	EndGlobalSection
	GlobalSection(SolutionProperties) = preSolution
		HideSolutionNode = FALSE
	EndGlobalSection
	GlobalSection(ExtensibilityGlobals) = postSolution
		SolutionGuid = {4D627163-294E-42D2-AE65-CD4ABCBD09EC}
	EndGlobalSection
EndGlobal
